
Microsoft Visual Studio Solution File, Format Version 12.00
# Visual Studio Version 17
VisualStudioVersion = 17.0.31903.59
MinimumVisualStudioVersion = 10.0.40219.1
Project("{FAE04EC0-301F-11D3-BF4B-00C04F79EFBC}") = "AuthenticationService", "src\AuthenticationService.csproj", "{632893CC-BC4A-4031-9197-95D620B8839A}"
EndProject
Project("{2150E333-8FDC-42A3-9474-1A3956D46DE8}") = "tests", "tests", "{FF9C88BB-0553-4662-83EF-ECCA356C2258}"
EndProject
Project("{FAE04EC0-301F-11D3-BF4B-00C04F79EFBC}") = "UnitTests", "tests\UnitTests\UnitTests.csproj", "{E3BF3CFF-84CB-4E56-8666-4F84A26825C1}"
EndProject
Global
	GlobalSection(SolutionConfigurationPlatforms) = preSolution
		Debug|Any CPU = Debug|Any CPU
		Release|Any CPU = Release|Any CPU
	EndGlobalSection
	GlobalSection(SolutionProperties) = preSolution
		HideSolutionNode = FALSE
	EndGlobalSection
	GlobalSection(ProjectConfigurationPlatforms) = postSolution
		{632893CC-BC4A-4031-9197-95D620B8839A}.Debug|Any CPU.ActiveCfg = Debug|Any CPU
		{632893CC-BC4A-4031-9197-95D620B8839A}.Debug|Any CPU.Build.0 = Debug|Any CPU
		{632893CC-BC4A-4031-9197-95D620B8839A}.Release|Any CPU.ActiveCfg = Release|Any CPU
		{632893CC-BC4A-4031-9197-95D620B8839A}.Release|Any CPU.Build.0 = Release|Any CPU
		{E3BF3CFF-84CB-4E56-8666-4F84A26825C1}.Debug|Any CPU.ActiveCfg = Debug|Any CPU
		{E3BF3CFF-84CB-4E56-8666-4F84A26825C1}.Debug|Any CPU.Build.0 = Debug|Any CPU
		{E3BF3CFF-84CB-4E56-8666-4F84A26825C1}.Release|Any CPU.ActiveCfg = Release|Any CPU
		{E3BF3CFF-84CB-4E56-8666-4F84A26825C1}.Release|Any CPU.Build.0 = Release|Any CPU
	EndGlobalSection
	GlobalSection(NestedProjects) = preSolution
		{E3BF3CFF-84CB-4E56-8666-4F84A26825C1} = {FF9C88BB-0553-4662-83EF-ECCA356C2258}
	EndGlobalSection
EndGlobal
