
Microsoft Visual Studio Solution File, Format Version 12.00
# Visual Studio Version 17
VisualStudioVersion = 17.0.31903.59
MinimumVisualStudioVersion = 10.0.40219.1
Project("{2150E333-8FDC-42A3-9474-1A3956D46DE8}") = "src", "src", "{8AC8D0BD-07EB-4C8C-B49D-61ECA24AA1B4}"
EndProject
Project("{FAE04EC0-301F-11D3-BF4B-00C04F79EFBC}") = "Api", "src\Api\Api.csproj", "{4878639B-5EBD-4DB5-AC23-DE15BB094670}"
EndProject
Project("{FAE04EC0-301F-11D3-BF4B-00C04F79EFBC}") = "Infrastructure", "src\Infrastructure\Infrastructure.csproj", "{55DFBA04-40FB-48AE-86A9-336DD4E42582}"
EndProject
Project("{FAE04EC0-301F-11D3-BF4B-00C04F79EFBC}") = "Contracts", "src\Contracts\Contracts.csproj", "{CA21B2F4-6D04-4A61-B92C-8D3FF11BA916}"
EndProject
Project("{FAE04EC0-301F-11D3-BF4B-00C04F79EFBC}") = "Domain", "src\Domain\Domain.csproj", "{B415B7DF-C559-4241-AABA-0050968CE97A}"
EndProject
Project("{FAE04EC0-301F-11D3-BF4B-00C04F79EFBC}") = "Application", "src\Application\Application.csproj", "{FB77B877-B166-41CE-9C0B-CB858F5D25CC}"
EndProject
Global
	GlobalSection(SolutionConfigurationPlatforms) = preSolution
		Debug|Any CPU = Debug|Any CPU
		Release|Any CPU = Release|Any CPU
	EndGlobalSection
	GlobalSection(SolutionProperties) = preSolution
		HideSolutionNode = FALSE
	EndGlobalSection
	GlobalSection(ProjectConfigurationPlatforms) = postSolution
		{4878639B-5EBD-4DB5-AC23-DE15BB094670}.Debug|Any CPU.ActiveCfg = Debug|Any CPU
		{4878639B-5EBD-4DB5-AC23-DE15BB094670}.Debug|Any CPU.Build.0 = Debug|Any CPU
		{4878639B-5EBD-4DB5-AC23-DE15BB094670}.Release|Any CPU.ActiveCfg = Release|Any CPU
		{4878639B-5EBD-4DB5-AC23-DE15BB094670}.Release|Any CPU.Build.0 = Release|Any CPU
		{55DFBA04-40FB-48AE-86A9-336DD4E42582}.Debug|Any CPU.ActiveCfg = Debug|Any CPU
		{55DFBA04-40FB-48AE-86A9-336DD4E42582}.Debug|Any CPU.Build.0 = Debug|Any CPU
		{55DFBA04-40FB-48AE-86A9-336DD4E42582}.Release|Any CPU.ActiveCfg = Release|Any CPU
		{55DFBA04-40FB-48AE-86A9-336DD4E42582}.Release|Any CPU.Build.0 = Release|Any CPU
		{CA21B2F4-6D04-4A61-B92C-8D3FF11BA916}.Debug|Any CPU.ActiveCfg = Debug|Any CPU
		{CA21B2F4-6D04-4A61-B92C-8D3FF11BA916}.Debug|Any CPU.Build.0 = Debug|Any CPU
		{CA21B2F4-6D04-4A61-B92C-8D3FF11BA916}.Release|Any CPU.ActiveCfg = Release|Any CPU
		{CA21B2F4-6D04-4A61-B92C-8D3FF11BA916}.Release|Any CPU.Build.0 = Release|Any CPU
		{B415B7DF-C559-4241-AABA-0050968CE97A}.Debug|Any CPU.ActiveCfg = Debug|Any CPU
		{B415B7DF-C559-4241-AABA-0050968CE97A}.Debug|Any CPU.Build.0 = Debug|Any CPU
		{B415B7DF-C559-4241-AABA-0050968CE97A}.Release|Any CPU.ActiveCfg = Release|Any CPU
		{B415B7DF-C559-4241-AABA-0050968CE97A}.Release|Any CPU.Build.0 = Release|Any CPU
		{FB77B877-B166-41CE-9C0B-CB858F5D25CC}.Debug|Any CPU.ActiveCfg = Debug|Any CPU
		{FB77B877-B166-41CE-9C0B-CB858F5D25CC}.Debug|Any CPU.Build.0 = Debug|Any CPU
		{FB77B877-B166-41CE-9C0B-CB858F5D25CC}.Release|Any CPU.ActiveCfg = Release|Any CPU
		{FB77B877-B166-41CE-9C0B-CB858F5D25CC}.Release|Any CPU.Build.0 = Release|Any CPU
	EndGlobalSection
	GlobalSection(NestedProjects) = preSolution
		{4878639B-5EBD-4DB5-AC23-DE15BB094670} = {8AC8D0BD-07EB-4C8C-B49D-61ECA24AA1B4}
		{55DFBA04-40FB-48AE-86A9-336DD4E42582} = {8AC8D0BD-07EB-4C8C-B49D-61ECA24AA1B4}
		{CA21B2F4-6D04-4A61-B92C-8D3FF11BA916} = {8AC8D0BD-07EB-4C8C-B49D-61ECA24AA1B4}
		{B415B7DF-C559-4241-AABA-0050968CE97A} = {8AC8D0BD-07EB-4C8C-B49D-61ECA24AA1B4}
		{FB77B877-B166-41CE-9C0B-CB858F5D25CC} = {8AC8D0BD-07EB-4C8C-B49D-61ECA24AA1B4}
	EndGlobalSection
EndGlobal
